
Microsoft Visual Studio Solution File, Format Version 12.00
# Visual Studio 15
VisualStudioVersion = 15.0.26430.13
MinimumVisualStudioVersion = 10.0.40219.1
Project("{2150E333-8FDC-42A3-9474-1A3956D46DE8}") = "展现层", "展现层", "{C663EB93-F9BF-4496-A7E3-78FAC79D1743}"
EndProject
Project("{2150E333-8FDC-42A3-9474-1A3956D46DE8}") = "服务层", "服务层", "{40636BFB-AC5A-4660-B44E-2B207C1651CA}"
EndProject
Project("{2150E333-8FDC-42A3-9474-1A3956D46DE8}") = "领域层", "领域层", "{73B711DB-3B04-4CA4-94E8-73351F58F4E0}"
EndProject
Project("{2150E333-8FDC-42A3-9474-1A3956D46DE8}") = "基础层", "基础层", "{65F33565-DFF7-4042-974D-1412645170F8}"
EndProject
Project("{FAE04EC0-301F-11D3-BF4B-00C04F79EFBC}") = "KuRuMi.Mio.DoMain.Model", "KuRuMi.Mio.DoMain\KuRuMi.Mio.DoMain.Model.csproj", "{472657AE-69D2-42C3-9AAA-F45F2F452378}"
EndProject
Project("{FAE04EC0-301F-11D3-BF4B-00C04F79EFBC}") = "KuRuMi.Mio.DoMain.Repository", "KuRuMi.Mio.DoMain.Repository\KuRuMi.Mio.DoMain.Repository.csproj", "{53103261-B498-4281-87FE-34907B14E095}"
EndProject
Project("{FAE04EC0-301F-11D3-BF4B-00C04F79EFBC}") = "KuRuMi.Mio.Infrastructure", "KuRuMi.Mio.DoMain.Infrastructure\KuRuMi.Mio.Infrastructure.csproj", "{8A29191E-6833-46FB-B62C-D3A1AA044A3A}"
EndProject
Project("{FAE04EC0-301F-11D3-BF4B-00C04F79EFBC}") = "KuRuMi.Mio.DataObject", "KuRuMi.Mio.DataObject\KuRuMi.Mio.DataObject.csproj", "{4C47C7E7-EE34-4BB8-A6A8-E1E8648E8802}"
EndProject
Project("{2150E333-8FDC-42A3-9474-1A3956D46DE8}") = "测试层", "测试层", "{31CF6A83-C9EB-4C67-896C-5241F82CC410}"
EndProject
Project("{FAE04EC0-301F-11D3-BF4B-00C04F79EFBC}") = "KuRuMi.Mio.BootStarp", "KuRuMi.Mio.BootStarp\KuRuMi.Mio.BootStarp.csproj", "{394E13BE-3C7E-422D-BEA5-F9AB6DDF5628}"
EndProject
Project("{FAE04EC0-301F-11D3-BF4B-00C04F79EFBC}") = "KuRuMi.Mio.UnitTest", "KuRuMi.Mio.UnitTest\KuRuMi.Mio.UnitTest.csproj", "{66EBE3A4-6081-4C62-982B-17521FD74A3A}"
EndProject
Project("{FAE04EC0-301F-11D3-BF4B-00C04F79EFBC}") = "KuRuMi.Mio.AppService", "KuRuMi.Mio.AppService\KuRuMi.Mio.AppService.csproj", "{8A9304E6-3E11-4D79-9614-93D4DE7B200C}"
EndProject
Project("{FAE04EC0-301F-11D3-BF4B-00C04F79EFBC}") = "KuRuMi.Mio.Web", "KuRuMi.Mio.Web\KuRuMi.Mio.Web.csproj", "{5AEE328D-3CB2-4664-B799-FB51B24E34B6}"
EndProject
Project("{FAE04EC0-301F-11D3-BF4B-00C04F79EFBC}") = "KuRuMi.Mio.DoMain.RedisCache", "KuRuMi.Mio.RedisCache\KuRuMi.Mio.DoMain.RedisCache.csproj", "{5F8B01D8-8503-4A74-A3D7-0F9F2BA62D7A}"
EndProject
Project("{2150E333-8FDC-42A3-9474-1A3956D46DE8}") = "缓存层", "缓存层", "{3C952BC9-7A97-4763-849B-118C1229315C}"
EndProject
Project("{FAE04EC0-301F-11D3-BF4B-00C04F79EFBC}") = "KuRuMi.Mio.DoMain.MongoDbCache", "KuRuMi.Mio.DoMain.MongoDbCache\KuRuMi.Mio.DoMain.MongoDbCache.csproj", "{575EC01B-2D2B-4F53-BEB4-45DBFC9123C4}"
EndProject
Project("{FAE04EC0-301F-11D3-BF4B-00C04F79EFBC}") = "KuRuMi.Mio.AngularWeb", "KuRuMi.Mio.AngularWeb\KuRuMi.Mio.AngularWeb.csproj", "{18677316-E00C-490A-9F04-BF2966FE0476}"
EndProject
Project("{2150E333-8FDC-42A3-9474-1A3956D46DE8}") = "事件层", "事件层", "{CD2C4F8C-8901-494A-93DE-B542ED6C7967}"
EndProject
Project("{FAE04EC0-301F-11D3-BF4B-00C04F79EFBC}") = "KuRuMi.Mio.DoMain.Events", "KuRuMi.Mio.DoMain.Events\KuRuMi.Mio.DoMain.Events.csproj", "{9DC0C67B-703F-45EA-AF5C-95CA016A7B05}"
EndProject
Global
	GlobalSection(SolutionConfigurationPlatforms) = preSolution
		Debug|Any CPU = Debug|Any CPU
		Release|Any CPU = Release|Any CPU
	EndGlobalSection
	GlobalSection(ProjectConfigurationPlatforms) = postSolution
		{472657AE-69D2-42C3-9AAA-F45F2F452378}.Debug|Any CPU.ActiveCfg = Debug|Any CPU
		{472657AE-69D2-42C3-9AAA-F45F2F452378}.Debug|Any CPU.Build.0 = Debug|Any CPU
		{472657AE-69D2-42C3-9AAA-F45F2F452378}.Release|Any CPU.ActiveCfg = Release|Any CPU
		{472657AE-69D2-42C3-9AAA-F45F2F452378}.Release|Any CPU.Build.0 = Release|Any CPU
		{53103261-B498-4281-87FE-34907B14E095}.Debug|Any CPU.ActiveCfg = Debug|Any CPU
		{53103261-B498-4281-87FE-34907B14E095}.Debug|Any CPU.Build.0 = Debug|Any CPU
		{53103261-B498-4281-87FE-34907B14E095}.Release|Any CPU.ActiveCfg = Release|Any CPU
		{53103261-B498-4281-87FE-34907B14E095}.Release|Any CPU.Build.0 = Release|Any CPU
		{8A29191E-6833-46FB-B62C-D3A1AA044A3A}.Debug|Any CPU.ActiveCfg = Debug|Any CPU
		{8A29191E-6833-46FB-B62C-D3A1AA044A3A}.Debug|Any CPU.Build.0 = Debug|Any CPU
		{8A29191E-6833-46FB-B62C-D3A1AA044A3A}.Release|Any CPU.ActiveCfg = Release|Any CPU
		{8A29191E-6833-46FB-B62C-D3A1AA044A3A}.Release|Any CPU.Build.0 = Release|Any CPU
		{4C47C7E7-EE34-4BB8-A6A8-E1E8648E8802}.Debug|Any CPU.ActiveCfg = Debug|Any CPU
		{4C47C7E7-EE34-4BB8-A6A8-E1E8648E8802}.Debug|Any CPU.Build.0 = Debug|Any CPU
		{4C47C7E7-EE34-4BB8-A6A8-E1E8648E8802}.Release|Any CPU.ActiveCfg = Release|Any CPU
		{4C47C7E7-EE34-4BB8-A6A8-E1E8648E8802}.Release|Any CPU.Build.0 = Release|Any CPU
		{394E13BE-3C7E-422D-BEA5-F9AB6DDF5628}.Debug|Any CPU.ActiveCfg = Debug|Any CPU
		{394E13BE-3C7E-422D-BEA5-F9AB6DDF5628}.Debug|Any CPU.Build.0 = Debug|Any CPU
		{394E13BE-3C7E-422D-BEA5-F9AB6DDF5628}.Release|Any CPU.ActiveCfg = Release|Any CPU
		{394E13BE-3C7E-422D-BEA5-F9AB6DDF5628}.Release|Any CPU.Build.0 = Release|Any CPU
		{66EBE3A4-6081-4C62-982B-17521FD74A3A}.Debug|Any CPU.ActiveCfg = Debug|Any CPU
		{66EBE3A4-6081-4C62-982B-17521FD74A3A}.Debug|Any CPU.Build.0 = Debug|Any CPU
		{66EBE3A4-6081-4C62-982B-17521FD74A3A}.Release|Any CPU.ActiveCfg = Release|Any CPU
		{66EBE3A4-6081-4C62-982B-17521FD74A3A}.Release|Any CPU.Build.0 = Release|Any CPU
		{8A9304E6-3E11-4D79-9614-93D4DE7B200C}.Debug|Any CPU.ActiveCfg = Debug|Any CPU
		{8A9304E6-3E11-4D79-9614-93D4DE7B200C}.Debug|Any CPU.Build.0 = Debug|Any CPU
		{8A9304E6-3E11-4D79-9614-93D4DE7B200C}.Release|Any CPU.ActiveCfg = Release|Any CPU
		{8A9304E6-3E11-4D79-9614-93D4DE7B200C}.Release|Any CPU.Build.0 = Release|Any CPU
		{5AEE328D-3CB2-4664-B799-FB51B24E34B6}.Debug|Any CPU.ActiveCfg = Debug|Any CPU
		{5AEE328D-3CB2-4664-B799-FB51B24E34B6}.Debug|Any CPU.Build.0 = Debug|Any CPU
		{5AEE328D-3CB2-4664-B799-FB51B24E34B6}.Release|Any CPU.ActiveCfg = Release|Any CPU
		{5AEE328D-3CB2-4664-B799-FB51B24E34B6}.Release|Any CPU.Build.0 = Release|Any CPU
		{5F8B01D8-8503-4A74-A3D7-0F9F2BA62D7A}.Debug|Any CPU.ActiveCfg = Debug|Any CPU
		{5F8B01D8-8503-4A74-A3D7-0F9F2BA62D7A}.Debug|Any CPU.Build.0 = Debug|Any CPU
		{5F8B01D8-8503-4A74-A3D7-0F9F2BA62D7A}.Release|Any CPU.ActiveCfg = Release|Any CPU
		{5F8B01D8-8503-4A74-A3D7-0F9F2BA62D7A}.Release|Any CPU.Build.0 = Release|Any CPU
		{575EC01B-2D2B-4F53-BEB4-45DBFC9123C4}.Debug|Any CPU.ActiveCfg = Debug|Any CPU
		{575EC01B-2D2B-4F53-BEB4-45DBFC9123C4}.Debug|Any CPU.Build.0 = Debug|Any CPU
		{575EC01B-2D2B-4F53-BEB4-45DBFC9123C4}.Release|Any CPU.ActiveCfg = Release|Any CPU
		{575EC01B-2D2B-4F53-BEB4-45DBFC9123C4}.Release|Any CPU.Build.0 = Release|Any CPU
		{18677316-E00C-490A-9F04-BF2966FE0476}.Debug|Any CPU.ActiveCfg = Debug|Any CPU
		{18677316-E00C-490A-9F04-BF2966FE0476}.Debug|Any CPU.Build.0 = Debug|Any CPU
		{18677316-E00C-490A-9F04-BF2966FE0476}.Release|Any CPU.ActiveCfg = Release|Any CPU
		{18677316-E00C-490A-9F04-BF2966FE0476}.Release|Any CPU.Build.0 = Release|Any CPU
		{9DC0C67B-703F-45EA-AF5C-95CA016A7B05}.Debug|Any CPU.ActiveCfg = Debug|Any CPU
		{9DC0C67B-703F-45EA-AF5C-95CA016A7B05}.Debug|Any CPU.Build.0 = Debug|Any CPU
		{9DC0C67B-703F-45EA-AF5C-95CA016A7B05}.Release|Any CPU.ActiveCfg = Release|Any CPU
		{9DC0C67B-703F-45EA-AF5C-95CA016A7B05}.Release|Any CPU.Build.0 = Release|Any CPU
	EndGlobalSection
	GlobalSection(SolutionProperties) = preSolution
		HideSolutionNode = FALSE
	EndGlobalSection
	GlobalSection(NestedProjects) = preSolution
		{472657AE-69D2-42C3-9AAA-F45F2F452378} = {73B711DB-3B04-4CA4-94E8-73351F58F4E0}
		{53103261-B498-4281-87FE-34907B14E095} = {73B711DB-3B04-4CA4-94E8-73351F58F4E0}
		{8A29191E-6833-46FB-B62C-D3A1AA044A3A} = {65F33565-DFF7-4042-974D-1412645170F8}
		{4C47C7E7-EE34-4BB8-A6A8-E1E8648E8802} = {65F33565-DFF7-4042-974D-1412645170F8}
		{394E13BE-3C7E-422D-BEA5-F9AB6DDF5628} = {40636BFB-AC5A-4660-B44E-2B207C1651CA}
		{66EBE3A4-6081-4C62-982B-17521FD74A3A} = {31CF6A83-C9EB-4C67-896C-5241F82CC410}
		{8A9304E6-3E11-4D79-9614-93D4DE7B200C} = {40636BFB-AC5A-4660-B44E-2B207C1651CA}
		{5AEE328D-3CB2-4664-B799-FB51B24E34B6} = {C663EB93-F9BF-4496-A7E3-78FAC79D1743}
		{5F8B01D8-8503-4A74-A3D7-0F9F2BA62D7A} = {3C952BC9-7A97-4763-849B-118C1229315C}
		{575EC01B-2D2B-4F53-BEB4-45DBFC9123C4} = {3C952BC9-7A97-4763-849B-118C1229315C}
		{18677316-E00C-490A-9F04-BF2966FE0476} = {C663EB93-F9BF-4496-A7E3-78FAC79D1743}
		{9DC0C67B-703F-45EA-AF5C-95CA016A7B05} = {CD2C4F8C-8901-494A-93DE-B542ED6C7967}
	EndGlobalSection
EndGlobal
